
Microsoft Visual Studio Solution File, Format Version 12.00
# Visual Studio Version 17
VisualStudioVersion = 17.1.32421.90
MinimumVisualStudioVersion = 10.0.40219.1
Project("{FAE04EC0-301F-11D3-BF4B-00C04F79EFBC}") = "Task one", "Task one\Task one.csproj", "{A77CC608-BB5A-45E8-A86D-FD8A88463380}"
EndProject
Project("{FAE04EC0-301F-11D3-BF4B-00C04F79EFBC}") = "Task two", "Task two\Task two.csproj", "{0B4B3D0A-3173-417E-963A-D95CFEDAA76D}"
EndProject
Project("{FAE04EC0-301F-11D3-BF4B-00C04F79EFBC}") = "Task three", "Task three\Task three.csproj", "{F7118328-4237-498C-ACE3-BAE195DCB875}"
EndProject
Global
	GlobalSection(SolutionConfigurationPlatforms) = preSolution
		Debug|Any CPU = Debug|Any CPU
		Release|Any CPU = Release|Any CPU
	EndGlobalSection
	GlobalSection(ProjectConfigurationPlatforms) = postSolution
		{A77CC608-BB5A-45E8-A86D-FD8A88463380}.Debug|Any CPU.ActiveCfg = Debug|Any CPU
		{A77CC608-BB5A-45E8-A86D-FD8A88463380}.Debug|Any CPU.Build.0 = Debug|Any CPU
		{A77CC608-BB5A-45E8-A86D-FD8A88463380}.Release|Any CPU.ActiveCfg = Release|Any CPU
		{A77CC608-BB5A-45E8-A86D-FD8A88463380}.Release|Any CPU.Build.0 = Release|Any CPU
		{0B4B3D0A-3173-417E-963A-D95CFEDAA76D}.Debug|Any CPU.ActiveCfg = Debug|Any CPU
		{0B4B3D0A-3173-417E-963A-D95CFEDAA76D}.Debug|Any CPU.Build.0 = Debug|Any CPU
		{0B4B3D0A-3173-417E-963A-D95CFEDAA76D}.Release|Any CPU.ActiveCfg = Release|Any CPU
		{0B4B3D0A-3173-417E-963A-D95CFEDAA76D}.Release|Any CPU.Build.0 = Release|Any CPU
		{F7118328-4237-498C-ACE3-BAE195DCB875}.Debug|Any CPU.ActiveCfg = Debug|Any CPU
		{F7118328-4237-498C-ACE3-BAE195DCB875}.Debug|Any CPU.Build.0 = Debug|Any CPU
		{F7118328-4237-498C-ACE3-BAE195DCB875}.Release|Any CPU.ActiveCfg = Release|Any CPU
		{F7118328-4237-498C-ACE3-BAE195DCB875}.Release|Any CPU.Build.0 = Release|Any CPU
	EndGlobalSection
	GlobalSection(SolutionProperties) = preSolution
		HideSolutionNode = FALSE
	EndGlobalSection
	GlobalSection(ExtensibilityGlobals) = postSolution
		SolutionGuid = {52FF8EC3-511C-4E70-9BE5-E832FCE13007}
	EndGlobalSection
EndGlobal
